
Microsoft Visual Studio Solution File, Format Version 12.00
Project("{FAE04EC0-301F-11D3-BF4B-00C04F79EFBC}") = "Problems", "Problems\Problems.csproj", "{21665FF8-91A6-4B4E-A10F-1FEFBF1E3277}"
EndProject
Global
	GlobalSection(SolutionConfigurationPlatforms) = preSolution
		Debug|Any CPU = Debug|Any CPU
		Release|Any CPU = Release|Any CPU
	EndGlobalSection
	GlobalSection(ProjectConfigurationPlatforms) = postSolution
		{21665FF8-91A6-4B4E-A10F-1FEFBF1E3277}.Debug|Any CPU.ActiveCfg = Debug|Any CPU
		{21665FF8-91A6-4B4E-A10F-1FEFBF1E3277}.Debug|Any CPU.Build.0 = Debug|Any CPU
		{21665FF8-91A6-4B4E-A10F-1FEFBF1E3277}.Release|Any CPU.ActiveCfg = Release|Any CPU
		{21665FF8-91A6-4B4E-A10F-1FEFBF1E3277}.Release|Any CPU.Build.0 = Release|Any CPU
	EndGlobalSection
EndGlobal
